
Microsoft Visual Studio Solution File, Format Version 12.00
Project("{FAE04EC0-301F-11D3-BF4B-00C04F79EFBC}") = "VolumeControlAnywhere", "VolumeControlAnywhere\VolumeControlAnywhere.csproj", "{E80D349D-A53B-49F7-A77C-717109B04273}"
EndProject
Global
	GlobalSection(SolutionConfigurationPlatforms) = preSolution
		Debug|Any CPU = Debug|Any CPU
		Release|Any CPU = Release|Any CPU
	EndGlobalSection
	GlobalSection(ProjectConfigurationPlatforms) = postSolution
		{E80D349D-A53B-49F7-A77C-717109B04273}.Debug|Any CPU.ActiveCfg = Debug|Any CPU
		{E80D349D-A53B-49F7-A77C-717109B04273}.Debug|Any CPU.Build.0 = Debug|Any CPU
		{E80D349D-A53B-49F7-A77C-717109B04273}.Release|Any CPU.ActiveCfg = Release|Any CPU
		{E80D349D-A53B-49F7-A77C-717109B04273}.Release|Any CPU.Build.0 = Release|Any CPU
	EndGlobalSection
EndGlobal
