Microsoft Visual Studio Solution File, Format Version 12.00
# Visual Studio Version 17
VisualStudioVersion = 17.5.2.0
MinimumVisualStudioVersion = 10.0.40219.1
Project("{FAE04EC0-301F-11D3-BF4B-00C04F79EFBC}") = "VolumeControlAnywhere", "VolumeControlAnywhere.csproj", "{FA87D519-6241-56E9-8713-093432DD2187}"
EndProject
Global
	GlobalSection(SolutionConfigurationPlatforms) = preSolution
		Debug|Any CPU = Debug|Any CPU
		Release|Any CPU = Release|Any CPU
	EndGlobalSection
	GlobalSection(ProjectConfigurationPlatforms) = postSolution
		{FA87D519-6241-56E9-8713-093432DD2187}.Debug|Any CPU.ActiveCfg = Debug|Any CPU
		{FA87D519-6241-56E9-8713-093432DD2187}.Debug|Any CPU.Build.0 = Debug|Any CPU
		{FA87D519-6241-56E9-8713-093432DD2187}.Release|Any CPU.ActiveCfg = Release|Any CPU
		{FA87D519-6241-56E9-8713-093432DD2187}.Release|Any CPU.Build.0 = Release|Any CPU
	EndGlobalSection
	GlobalSection(SolutionProperties) = preSolution
		HideSolutionNode = FALSE
	EndGlobalSection
	GlobalSection(ExtensibilityGlobals) = postSolution
		SolutionGuid = {5A52E256-8EC2-4D58-B2EB-2B552A95FC5D}
	EndGlobalSection
EndGlobal
